{
  "version": "5",
  "specifiers": {
    "jsr:@hazae41/binary@^2.0.2": "2.0.2",
    "jsr:@hazae41/cursor@^2.1.2": "2.1.3",
    "jsr:@hazae41/cursor@^2.1.3": "2.1.3",
    "jsr:@hazae41/jsonrpc@^1.1.11": "1.1.11",
    "jsr:@hazae41/mutex@^3.0.1": "3.0.1",
    "jsr:@hazae41/phobos@^2.0.16": "2.0.16",
    "jsr:@hazae41/result-and-option@^2.0.10": "2.0.10",
    "jsr:@hazae41/tscousin@^1.0.28": "1.0.28",
    "npm:@hazae41/binary@^2.0.2": "2.0.2",
    "npm:@hazae41/cursor@^2.1.3": "2.1.3",
    "npm:@hazae41/jsonrpc@^1.1.11": "1.1.11",
    "npm:@hazae41/mutex@^3.0.1": "3.0.1",
    "npm:@hazae41/phobos@^2.0.16": "2.0.16",
    "npm:@hazae41/tscousin@^1.0.28": "1.0.28",
    "npm:@tursodatabase/database@0.3": "0.3.0",
    "npm:@types/node@*": "24.2.0",
    "npm:@types/node@^24.9.2": "24.10.1",
    "npm:@webassemblyjs/wasm-parser@^1.14.1": "1.14.1",
    "npm:typescript@^5.9.3": "5.9.3",
    "npm:wat-compiler@^1.1.1": "1.1.1"
  },
  "jsr": {
    "@hazae41/binary@2.0.2": {
      "integrity": "abc4cb55cb369ef65cd1a485c8c682bcb13aaa4215add5cdea7dbea5b61dfb3b",
      "dependencies": [
        "jsr:@hazae41/cursor@^2.1.2"
      ]
    },
    "@hazae41/cursor@2.1.3": {
      "integrity": "2150ce228e488df80fd6c3d1b706ddb38728bc2f9ad87cd98c903499520eeaf0"
    },
    "@hazae41/jsonrpc@1.1.11": {
      "integrity": "701b1664fa6095708dd5bd896f4f6e694b39fa45538518ab65b87aa1d98f1734",
      "dependencies": [
        "jsr:@hazae41/result-and-option"
      ]
    },
    "@hazae41/mutex@3.0.1": {
      "integrity": "2bc69f28589bbbee7ba496227948beaea8d9ac4c3157d2392eaa4064a94b7bbe"
    },
    "@hazae41/phobos@2.0.16": {
      "integrity": "1b4ed1a675cfbf502d3fd5a57108eedad3bff2b43238f9fd1884ea15c762a4fc"
    },
    "@hazae41/result-and-option@2.0.10": {
      "integrity": "4a5046c435aad139014959315dd92fe7cf9bcc14fa975361c66b8d8303e4d583"
    },
    "@hazae41/tscousin@1.0.28": {
      "integrity": "5218915c136dd5c2b155cec4cdc38915a6cee42db17f3598ad35f47a19afb928"
    }
  },
  "npm": {
    "@hazae41/binary@2.0.2": {
      "integrity": "sha512-i3YvoVECHiDoZ7n3XEMruIZYoikNEbTCjR/x7mWeg9rWpQMVNHIK+olYDvSBbxdJDSySSV/mRYOZBNfPataqYA==",
      "dependencies": [
        "@hazae41/cursor"
      ]
    },
    "@hazae41/cursor@2.1.3": {
      "integrity": "sha512-y6q7idwrgLMjWbc8imuqQ+dB7E/Qf+kHQ0WdUOONi7bgsbygBhtcDmaDw2S5SQihmASprYR7Waa7nvu3iJqFsw==",
      "dependencies": [
        "@hazae41/lengthed"
      ]
    },
    "@hazae41/jsonrpc@1.1.11": {
      "integrity": "sha512-hIOKQXO87bu9u2H4epWAl5jLSq0sPOkVUcwrC/pZHGOlOBPKe6oykldwuj0Kg4Qu+C3M3Z1eJfQv/Ly/vyx28Q==",
      "dependencies": [
        "@hazae41/result-and-option"
      ]
    },
    "@hazae41/lengthed@1.0.1": {
      "integrity": "sha512-5AizA8BmPDCSQ0H2V6DeEcrqTxQvjvgBA3bKH6sPpFjOc+dRRTqe1XTUc4h1WmnpaIg9taF//J/H2VVhZG5Tyw=="
    },
    "@hazae41/mutex@3.0.1": {
      "integrity": "sha512-HJX26LvYfO/F668m9j6VhVqm6uhED/RrCaH6RLrWXgt1i3O/qqqEndrjqpPquLapHuyuBarbmbyEZtLHxARF7Q=="
    },
    "@hazae41/phobos@2.0.16": {
      "integrity": "sha512-XP1KGvTY9dNWIz0EG91BdgBXXZXG/AF5f9LP57FbyF1ut3QjDe18+QLhScrA1RmuX/CEYrmp60jD160zZTPZaw=="
    },
    "@hazae41/result-and-option@2.0.10": {
      "integrity": "sha512-Msf15N4OBCSsAxdonghJmbwERQqgc0ZWVPi1yE+oI8maC1FBFacQrym+xNF+lnXXgaTheLAUnx3B8yCA5Z1EWw=="
    },
    "@hazae41/tscousin@1.0.28": {
      "integrity": "sha512-Wrg/66m0hLexrifpzJ5a/D7Jzb7FhLzBWrCFAgjZa+DIU8prA5rX4MwD5K34UZ6jsYBRZsYwNeVEYRqOIJHOEQ==",
      "bin": true
    },
    "@tursodatabase/database-common@0.3.0": {
      "integrity": "sha512-hqgBke6rtCB+uDEQMStew6IxgIv+45HISw8c5Hl4lvxZofCmlOHEnED7bmxCaSEmptA2AV0vNMtrTxOlSVXM7Q=="
    },
    "@tursodatabase/database-darwin-arm64@0.3.0": {
      "integrity": "sha512-6upcFBggwCK+bkoRfNPDWo5oQJtbXfnSWL8gdQWgqENVB+kl/ONZ/WyNnZWs9z5C15A/9DJFRa75wWZLOLWeAg==",
      "os": ["darwin"],
      "cpu": ["arm64"]
    },
    "@tursodatabase/database-linux-arm64-gnu@0.3.0": {
      "integrity": "sha512-Ap7cSLuKEkHxZtKOhsf//ozozYKhXgIceA/woqyBydVhrfD0DPPqhqmxZWbNnDjwFWpM65Xmgot4kX9ukexQ8Q==",
      "os": ["linux"],
      "cpu": ["arm64"]
    },
    "@tursodatabase/database-linux-x64-gnu@0.3.0": {
      "integrity": "sha512-7HOdg+xUhJ2C/jA77NHnFhI3/6UjBo3Zpx8AwNWfR0kSIs4uWnO0CNng39VS1xqsTbphofJDVDqyPgE2iNzjlg==",
      "os": ["linux"],
      "cpu": ["x64"]
    },
    "@tursodatabase/database-win32-x64-msvc@0.3.0": {
      "integrity": "sha512-yHGbKT522DX+NM/UIIYtBZa52n0ykaeyu0RAVdpkbizwfBfap67z+HsrSk4rl/zncRl3RmCjkbAK86tsMDBCpQ==",
      "os": ["win32"],
      "cpu": ["x64"]
    },
    "@tursodatabase/database@0.3.0": {
      "integrity": "sha512-vJ9HlhW2HVKsglvSsTk7ws8BcSaFE2JOhp0zxE7KUd9f4rXL9PZwZP8Gvzvr23Asu7kLbREpmDAVjxPVtux0zA==",
      "dependencies": [
        "@tursodatabase/database-common"
      ],
      "optionalDependencies": [
        "@tursodatabase/database-darwin-arm64",
        "@tursodatabase/database-linux-arm64-gnu",
        "@tursodatabase/database-linux-x64-gnu",
        "@tursodatabase/database-win32-x64-msvc"
      ]
    },
    "@types/node@24.10.1": {
      "integrity": "sha512-GNWcUTRBgIRJD5zj+Tq0fKOJ5XZajIiBroOF0yvj2bSU1WvNdYS/dn9UxwsujGW4JX06dnHyjV2y9rRaybH0iQ==",
      "dependencies": [
        "undici-types@7.16.0"
      ]
    },
    "@types/node@24.2.0": {
      "integrity": "sha512-3xyG3pMCq3oYCNg7/ZP+E1ooTaGB4cG8JWRsqqOYQdbWNY4zbaV0Ennrd7stjiJEFZCaybcIgpTjJWHRfBSIDw==",
      "dependencies": [
        "undici-types@7.10.0"
      ]
    },
    "@webassemblyjs/ast@1.14.1": {
      "integrity": "sha512-nuBEDgQfm1ccRp/8bCQrx1frohyufl4JlbMMZ4P1wpeOfDhF6FQkxZJ1b/e+PLwr6X1Nhw6OLme5usuBWYBvuQ==",
      "dependencies": [
        "@webassemblyjs/helper-numbers",
        "@webassemblyjs/helper-wasm-bytecode"
      ]
    },
    "@webassemblyjs/floating-point-hex-parser@1.13.2": {
      "integrity": "sha512-6oXyTOzbKxGH4steLbLNOu71Oj+C8Lg34n6CqRvqfS2O71BxY6ByfMDRhBytzknj9yGUPVJ1qIKhRlAwO1AovA=="
    },
    "@webassemblyjs/helper-api-error@1.13.2": {
      "integrity": "sha512-U56GMYxy4ZQCbDZd6JuvvNV/WFildOjsaWD3Tzzvmw/mas3cXzRJPMjP83JqEsgSbyrmaGjBfDtV7KDXV9UzFQ=="
    },
    "@webassemblyjs/helper-numbers@1.13.2": {
      "integrity": "sha512-FE8aCmS5Q6eQYcV3gI35O4J789wlQA+7JrqTTpJqn5emA4U2hvwJmvFRC0HODS+3Ye6WioDklgd6scJ3+PLnEA==",
      "dependencies": [
        "@webassemblyjs/floating-point-hex-parser",
        "@webassemblyjs/helper-api-error",
        "@xtuc/long"
      ]
    },
    "@webassemblyjs/helper-wasm-bytecode@1.13.2": {
      "integrity": "sha512-3QbLKy93F0EAIXLh0ogEVR6rOubA9AoZ+WRYhNbFyuB70j3dRdwH9g+qXhLAO0kiYGlg3TxDV+I4rQTr/YNXkA=="
    },
    "@webassemblyjs/ieee754@1.13.2": {
      "integrity": "sha512-4LtOzh58S/5lX4ITKxnAK2USuNEvpdVV9AlgGQb8rJDHaLeHciwG4zlGr0j/SNWlr7x3vO1lDEsuePvtcDNCkw==",
      "dependencies": [
        "@xtuc/ieee754"
      ]
    },
    "@webassemblyjs/leb128@1.13.2": {
      "integrity": "sha512-Lde1oNoIdzVzdkNEAWZ1dZ5orIbff80YPdHx20mrHwHrVNNTjNr8E3xz9BdpcGqRQbAEa+fkrCb+fRFTl/6sQw==",
      "dependencies": [
        "@xtuc/long"
      ]
    },
    "@webassemblyjs/utf8@1.13.2": {
      "integrity": "sha512-3NQWGjKTASY1xV5m7Hr0iPeXD9+RDobLll3T9d2AO+g3my8xy5peVyjSag4I50mR1bBSN/Ct12lo+R9tJk0NZQ=="
    },
    "@webassemblyjs/wasm-parser@1.14.1": {
      "integrity": "sha512-JLBl+KZ0R5qB7mCnud/yyX08jWFw5MsoalJ1pQ4EdFlgj9VdXKGuENGsiCIjegI1W7p91rUlcB/LB5yRJKNTcQ==",
      "dependencies": [
        "@webassemblyjs/ast",
        "@webassemblyjs/helper-api-error",
        "@webassemblyjs/helper-wasm-bytecode",
        "@webassemblyjs/ieee754",
        "@webassemblyjs/leb128",
        "@webassemblyjs/utf8"
      ]
    },
    "@xtuc/ieee754@1.2.0": {
      "integrity": "sha512-DX8nKgqcGwsc0eJSqYt5lwP4DH5FlHnmuWWBRy7X0NcaGR0ZtuyeESgMwTYVEtxmsNGY+qit4QYT/MIYTOTPeA=="
    },
    "@xtuc/long@4.2.2": {
      "integrity": "sha512-NuHqBY1PB/D8xU6s/thBgOAiAP7HOYDQ32+BFZILJ8ivkUkAHQnWfn6WhL79Owj1qmUnoN/YPhktdIoucipkAQ=="
    },
    "typescript@5.9.3": {
      "integrity": "sha512-jl1vZzPDinLr9eUt3J/t7V6FgNEw9QjvBPdysz9KfQDD41fQrC2Y4vKQdiaUpFT4bXlb1RHhLpp8wtm6M5TgSw==",
      "bin": true
    },
    "undici-types@7.10.0": {
      "integrity": "sha512-t5Fy/nfn+14LuOc2KNYg75vZqClpAiqscVvMygNnlsHBFpSXdJaYtXMcdNLpl/Qvc3P2cB3s6lOV51nqsFq4ag=="
    },
    "undici-types@7.16.0": {
      "integrity": "sha512-Zz+aZWSj8LE6zoxD+xrjh4VfkIG8Ya6LvYkZqtUQGJPZjYl53ypCaUwWqo7eI0x66KBGeRo+mlBEkMSeSZ38Nw=="
    },
    "wabt@1.0.39": {
      "integrity": "sha512-ba+dRL/75VQQY7RkU/CgriGbkoWAfS8TDyUlJfJhJ8KhtXgMl5dhNvoPNUcQ9IWRhW8u41glMSuZeTvsYq2rRg==",
      "bin": true
    },
    "wat-compiler@1.1.1": {
      "integrity": "sha512-eLmAz2f7E5POH5a5NJ3bWSMsg3GXsxw8bsAWxEkXIvXZXLOoFBYgTXZLIGt+DApY8wxsRBT4ebBQ7a++FYResg==",
      "dependencies": [
        "wabt"
      ]
    },
    "watr@3.2.1": {
      "integrity": "sha512-qzdF7n7P/yhhsnL9eswzXQXmjvedXQtQY8quS4PaIfNeCl3W3vMLk8k2aDa8aWrxWtvvb1RVs/tlKcFQ8nE7Ag==",
      "scripts": true
    }
  },
  "workspace": {
    "dependencies": [
      "jsr:@hazae41/binary@^2.0.2",
      "jsr:@hazae41/cursor@^2.1.3",
      "jsr:@hazae41/jsonrpc@^1.1.11",
      "jsr:@hazae41/mutex@^3.0.1",
      "jsr:@hazae41/phobos@^2.0.16",
      "jsr:@hazae41/tscousin@^1.0.28"
    ],
    "packageJson": {
      "dependencies": [
        "npm:@hazae41/binary@^2.0.2",
        "npm:@hazae41/cursor@^2.1.3",
        "npm:@hazae41/jsonrpc@^1.1.11",
        "npm:@hazae41/mutex@^3.0.1",
        "npm:@hazae41/phobos@^2.0.16",
        "npm:@hazae41/tscousin@^1.0.28",
        "npm:@hazae41/wasm@1",
        "npm:@tursodatabase/database@0.3",
        "npm:@types/node@^24.9.2",
        "npm:@webassemblyjs/wasm-parser@^1.14.1",
        "npm:typescript@^5.9.3",
        "npm:wat-compiler@^1.1.1"
      ]
    }
  }
}
