{
  "name": "@hazae41/bobine",
  "version": "1.1.11",
  "lockfileVersion": 2,
  "requires": true,
  "packages": {
    "": {
      "name": "@hazae41/bobine",
      "version": "1.1.11",
      "license": "MIT",
      "dependencies": {
        "@hazae41/binary": "^2.0.2",
        "@hazae41/cursor": "^2.1.3",
        "@hazae41/jsonrpc": "^1.1.11",
        "@hazae41/mutex": "^3.0.1",
        "@tursodatabase/database": "^0.3.0",
        "@webassemblyjs/wasm-parser": "^1.14.1",
        "wat-compiler": "^1.1.1"
      },
      "devDependencies": {
        "@hazae41/phobos": "^2.0.16",
        "@hazae41/tscousin": "^1.0.28",
        "@types/node": "^24.9.2",
        "typescript": "^5.9.3"
      }
    },
    "node_modules/@hazae41/binary": {
      "version": "2.0.2",
      "resolved": "https://registry.npmjs.org/@hazae41/binary/-/binary-2.0.2.tgz",
      "integrity": "sha512-i3YvoVECHiDoZ7n3XEMruIZYoikNEbTCjR/x7mWeg9rWpQMVNHIK+olYDvSBbxdJDSySSV/mRYOZBNfPataqYA==",
      "license": "MIT",
      "dependencies": {
        "@hazae41/cursor": "^2.1.2"
      }
    },
    "node_modules/@hazae41/cursor": {
      "version": "2.1.3",
      "resolved": "https://registry.npmjs.org/@hazae41/cursor/-/cursor-2.1.3.tgz",
      "integrity": "sha512-y6q7idwrgLMjWbc8imuqQ+dB7E/Qf+kHQ0WdUOONi7bgsbygBhtcDmaDw2S5SQihmASprYR7Waa7nvu3iJqFsw==",
      "license": "MIT",
      "dependencies": {
        "@hazae41/lengthed": "^1.0.1"
      }
    },
    "node_modules/@hazae41/jsonrpc": {
      "version": "1.1.11",
      "resolved": "https://registry.npmjs.org/@hazae41/jsonrpc/-/jsonrpc-1.1.11.tgz",
      "integrity": "sha512-hIOKQXO87bu9u2H4epWAl5jLSq0sPOkVUcwrC/pZHGOlOBPKe6oykldwuj0Kg4Qu+C3M3Z1eJfQv/Ly/vyx28Q==",
      "license": "MIT",
      "dependencies": {
        "@hazae41/result-and-option": "^2.0.10"
      }
    },
    "node_modules/@hazae41/lengthed": {
      "version": "1.0.1",
      "resolved": "https://registry.npmjs.org/@hazae41/lengthed/-/lengthed-1.0.1.tgz",
      "integrity": "sha512-5AizA8BmPDCSQ0H2V6DeEcrqTxQvjvgBA3bKH6sPpFjOc+dRRTqe1XTUc4h1WmnpaIg9taF//J/H2VVhZG5Tyw==",
      "license": "MIT"
    },
    "node_modules/@hazae41/mutex": {
      "version": "3.0.1",
      "resolved": "https://registry.npmjs.org/@hazae41/mutex/-/mutex-3.0.1.tgz",
      "integrity": "sha512-HJX26LvYfO/F668m9j6VhVqm6uhED/RrCaH6RLrWXgt1i3O/qqqEndrjqpPquLapHuyuBarbmbyEZtLHxARF7Q=="
    },
    "node_modules/@hazae41/phobos": {
      "version": "2.0.16",
      "resolved": "https://registry.npmjs.org/@hazae41/phobos/-/phobos-2.0.16.tgz",
      "integrity": "sha512-XP1KGvTY9dNWIz0EG91BdgBXXZXG/AF5f9LP57FbyF1ut3QjDe18+QLhScrA1RmuX/CEYrmp60jD160zZTPZaw==",
      "dev": true
    },
    "node_modules/@hazae41/result-and-option": {
      "version": "2.0.10",
      "resolved": "https://registry.npmjs.org/@hazae41/result-and-option/-/result-and-option-2.0.10.tgz",
      "integrity": "sha512-Msf15N4OBCSsAxdonghJmbwERQqgc0ZWVPi1yE+oI8maC1FBFacQrym+xNF+lnXXgaTheLAUnx3B8yCA5Z1EWw=="
    },
    "node_modules/@hazae41/tscousin": {
      "version": "1.0.28",
      "resolved": "https://registry.npmjs.org/@hazae41/tscousin/-/tscousin-1.0.28.tgz",
      "integrity": "sha512-Wrg/66m0hLexrifpzJ5a/D7Jzb7FhLzBWrCFAgjZa+DIU8prA5rX4MwD5K34UZ6jsYBRZsYwNeVEYRqOIJHOEQ==",
      "dev": true,
      "bin": {
        "tscousin": "out/bin.js"
      }
    },
    "node_modules/@tursodatabase/database": {
      "version": "0.3.0",
      "resolved": "https://registry.npmjs.org/@tursodatabase/database/-/database-0.3.0.tgz",
      "integrity": "sha512-vJ9HlhW2HVKsglvSsTk7ws8BcSaFE2JOhp0zxE7KUd9f4rXL9PZwZP8Gvzvr23Asu7kLbREpmDAVjxPVtux0zA==",
      "license": "MIT",
      "dependencies": {
        "@tursodatabase/database-common": "^0.3.0"
      },
      "optionalDependencies": {
        "@tursodatabase/database-darwin-arm64": "0.3.0",
        "@tursodatabase/database-linux-arm64-gnu": "0.3.0",
        "@tursodatabase/database-linux-x64-gnu": "0.3.0",
        "@tursodatabase/database-win32-x64-msvc": "0.3.0"
      }
    },
    "node_modules/@tursodatabase/database-common": {
      "version": "0.3.0",
      "resolved": "https://registry.npmjs.org/@tursodatabase/database-common/-/database-common-0.3.0.tgz",
      "integrity": "sha512-hqgBke6rtCB+uDEQMStew6IxgIv+45HISw8c5Hl4lvxZofCmlOHEnED7bmxCaSEmptA2AV0vNMtrTxOlSVXM7Q==",
      "license": "MIT"
    },
    "node_modules/@tursodatabase/database-darwin-arm64": {
      "version": "0.3.0",
      "resolved": "https://registry.npmjs.org/@tursodatabase/database-darwin-arm64/-/database-darwin-arm64-0.3.0.tgz",
      "integrity": "sha512-6upcFBggwCK+bkoRfNPDWo5oQJtbXfnSWL8gdQWgqENVB+kl/ONZ/WyNnZWs9z5C15A/9DJFRa75wWZLOLWeAg==",
      "cpu": [
        "arm64"
      ],
      "license": "MIT",
      "optional": true,
      "os": [
        "darwin"
      ]
    },
    "node_modules/@tursodatabase/database-linux-arm64-gnu": {
      "version": "0.3.0",
      "resolved": "https://registry.npmjs.org/@tursodatabase/database-linux-arm64-gnu/-/database-linux-arm64-gnu-0.3.0.tgz",
      "integrity": "sha512-Ap7cSLuKEkHxZtKOhsf//ozozYKhXgIceA/woqyBydVhrfD0DPPqhqmxZWbNnDjwFWpM65Xmgot4kX9ukexQ8Q==",
      "cpu": [
        "arm64"
      ],
      "license": "MIT",
      "optional": true,
      "os": [
        "linux"
      ]
    },
    "node_modules/@tursodatabase/database-linux-x64-gnu": {
      "version": "0.3.0",
      "resolved": "https://registry.npmjs.org/@tursodatabase/database-linux-x64-gnu/-/database-linux-x64-gnu-0.3.0.tgz",
      "integrity": "sha512-7HOdg+xUhJ2C/jA77NHnFhI3/6UjBo3Zpx8AwNWfR0kSIs4uWnO0CNng39VS1xqsTbphofJDVDqyPgE2iNzjlg==",
      "cpu": [
        "x64"
      ],
      "license": "MIT",
      "optional": true,
      "os": [
        "linux"
      ]
    },
    "node_modules/@tursodatabase/database-win32-x64-msvc": {
      "version": "0.3.0",
      "resolved": "https://registry.npmjs.org/@tursodatabase/database-win32-x64-msvc/-/database-win32-x64-msvc-0.3.0.tgz",
      "integrity": "sha512-yHGbKT522DX+NM/UIIYtBZa52n0ykaeyu0RAVdpkbizwfBfap67z+HsrSk4rl/zncRl3RmCjkbAK86tsMDBCpQ==",
      "cpu": [
        "x64"
      ],
      "license": "MIT",
      "optional": true,
      "os": [
        "win32"
      ]
    },
    "node_modules/@types/node": {
      "version": "24.9.2",
      "resolved": "https://registry.npmjs.org/@types/node/-/node-24.9.2.tgz",
      "integrity": "sha512-uWN8YqxXxqFMX2RqGOrumsKeti4LlmIMIyV0lgut4jx7KQBcBiW6vkDtIBvHnHIquwNfJhk8v2OtmO8zXWHfPA==",
      "dev": true,
      "license": "MIT",
      "dependencies": {
        "undici-types": "~7.16.0"
      }
    },
    "node_modules/@webassemblyjs/ast": {
      "version": "1.14.1",
      "resolved": "https://registry.npmjs.org/@webassemblyjs/ast/-/ast-1.14.1.tgz",
      "integrity": "sha512-nuBEDgQfm1ccRp/8bCQrx1frohyufl4JlbMMZ4P1wpeOfDhF6FQkxZJ1b/e+PLwr6X1Nhw6OLme5usuBWYBvuQ==",
      "license": "MIT",
      "dependencies": {
        "@webassemblyjs/helper-numbers": "1.13.2",
        "@webassemblyjs/helper-wasm-bytecode": "1.13.2"
      }
    },
    "node_modules/@webassemblyjs/floating-point-hex-parser": {
      "version": "1.13.2",
      "resolved": "https://registry.npmjs.org/@webassemblyjs/floating-point-hex-parser/-/floating-point-hex-parser-1.13.2.tgz",
      "integrity": "sha512-6oXyTOzbKxGH4steLbLNOu71Oj+C8Lg34n6CqRvqfS2O71BxY6ByfMDRhBytzknj9yGUPVJ1qIKhRlAwO1AovA==",
      "license": "MIT"
    },
    "node_modules/@webassemblyjs/helper-api-error": {
      "version": "1.13.2",
      "resolved": "https://registry.npmjs.org/@webassemblyjs/helper-api-error/-/helper-api-error-1.13.2.tgz",
      "integrity": "sha512-U56GMYxy4ZQCbDZd6JuvvNV/WFildOjsaWD3Tzzvmw/mas3cXzRJPMjP83JqEsgSbyrmaGjBfDtV7KDXV9UzFQ==",
      "license": "MIT"
    },
    "node_modules/@webassemblyjs/helper-numbers": {
      "version": "1.13.2",
      "resolved": "https://registry.npmjs.org/@webassemblyjs/helper-numbers/-/helper-numbers-1.13.2.tgz",
      "integrity": "sha512-FE8aCmS5Q6eQYcV3gI35O4J789wlQA+7JrqTTpJqn5emA4U2hvwJmvFRC0HODS+3Ye6WioDklgd6scJ3+PLnEA==",
      "license": "MIT",
      "dependencies": {
        "@webassemblyjs/floating-point-hex-parser": "1.13.2",
        "@webassemblyjs/helper-api-error": "1.13.2",
        "@xtuc/long": "4.2.2"
      }
    },
    "node_modules/@webassemblyjs/helper-wasm-bytecode": {
      "version": "1.13.2",
      "resolved": "https://registry.npmjs.org/@webassemblyjs/helper-wasm-bytecode/-/helper-wasm-bytecode-1.13.2.tgz",
      "integrity": "sha512-3QbLKy93F0EAIXLh0ogEVR6rOubA9AoZ+WRYhNbFyuB70j3dRdwH9g+qXhLAO0kiYGlg3TxDV+I4rQTr/YNXkA==",
      "license": "MIT"
    },
    "node_modules/@webassemblyjs/ieee754": {
      "version": "1.13.2",
      "resolved": "https://registry.npmjs.org/@webassemblyjs/ieee754/-/ieee754-1.13.2.tgz",
      "integrity": "sha512-4LtOzh58S/5lX4ITKxnAK2USuNEvpdVV9AlgGQb8rJDHaLeHciwG4zlGr0j/SNWlr7x3vO1lDEsuePvtcDNCkw==",
      "license": "MIT",
      "dependencies": {
        "@xtuc/ieee754": "^1.2.0"
      }
    },
    "node_modules/@webassemblyjs/leb128": {
      "version": "1.13.2",
      "resolved": "https://registry.npmjs.org/@webassemblyjs/leb128/-/leb128-1.13.2.tgz",
      "integrity": "sha512-Lde1oNoIdzVzdkNEAWZ1dZ5orIbff80YPdHx20mrHwHrVNNTjNr8E3xz9BdpcGqRQbAEa+fkrCb+fRFTl/6sQw==",
      "license": "Apache-2.0",
      "dependencies": {
        "@xtuc/long": "4.2.2"
      }
    },
    "node_modules/@webassemblyjs/utf8": {
      "version": "1.13.2",
      "resolved": "https://registry.npmjs.org/@webassemblyjs/utf8/-/utf8-1.13.2.tgz",
      "integrity": "sha512-3NQWGjKTASY1xV5m7Hr0iPeXD9+RDobLll3T9d2AO+g3my8xy5peVyjSag4I50mR1bBSN/Ct12lo+R9tJk0NZQ==",
      "license": "MIT"
    },
    "node_modules/@webassemblyjs/wasm-parser": {
      "version": "1.14.1",
      "resolved": "https://registry.npmjs.org/@webassemblyjs/wasm-parser/-/wasm-parser-1.14.1.tgz",
      "integrity": "sha512-JLBl+KZ0R5qB7mCnud/yyX08jWFw5MsoalJ1pQ4EdFlgj9VdXKGuENGsiCIjegI1W7p91rUlcB/LB5yRJKNTcQ==",
      "license": "MIT",
      "dependencies": {
        "@webassemblyjs/ast": "1.14.1",
        "@webassemblyjs/helper-api-error": "1.13.2",
        "@webassemblyjs/helper-wasm-bytecode": "1.13.2",
        "@webassemblyjs/ieee754": "1.13.2",
        "@webassemblyjs/leb128": "1.13.2",
        "@webassemblyjs/utf8": "1.13.2"
      }
    },
    "node_modules/@xtuc/ieee754": {
      "version": "1.2.0",
      "resolved": "https://registry.npmjs.org/@xtuc/ieee754/-/ieee754-1.2.0.tgz",
      "integrity": "sha512-DX8nKgqcGwsc0eJSqYt5lwP4DH5FlHnmuWWBRy7X0NcaGR0ZtuyeESgMwTYVEtxmsNGY+qit4QYT/MIYTOTPeA==",
      "license": "BSD-3-Clause"
    },
    "node_modules/@xtuc/long": {
      "version": "4.2.2",
      "resolved": "https://registry.npmjs.org/@xtuc/long/-/long-4.2.2.tgz",
      "integrity": "sha512-NuHqBY1PB/D8xU6s/thBgOAiAP7HOYDQ32+BFZILJ8ivkUkAHQnWfn6WhL79Owj1qmUnoN/YPhktdIoucipkAQ==",
      "license": "Apache-2.0"
    },
    "node_modules/typescript": {
      "version": "5.9.3",
      "resolved": "https://registry.npmjs.org/typescript/-/typescript-5.9.3.tgz",
      "integrity": "sha512-jl1vZzPDinLr9eUt3J/t7V6FgNEw9QjvBPdysz9KfQDD41fQrC2Y4vKQdiaUpFT4bXlb1RHhLpp8wtm6M5TgSw==",
      "dev": true,
      "license": "Apache-2.0",
      "bin": {
        "tsc": "bin/tsc",
        "tsserver": "bin/tsserver"
      },
      "engines": {
        "node": ">=14.17"
      }
    },
    "node_modules/undici-types": {
      "version": "7.16.0",
      "resolved": "https://registry.npmjs.org/undici-types/-/undici-types-7.16.0.tgz",
      "integrity": "sha512-Zz+aZWSj8LE6zoxD+xrjh4VfkIG8Ya6LvYkZqtUQGJPZjYl53ypCaUwWqo7eI0x66KBGeRo+mlBEkMSeSZ38Nw==",
      "dev": true,
      "license": "MIT"
    },
    "node_modules/wabt": {
      "version": "1.0.38",
      "resolved": "https://registry.npmjs.org/wabt/-/wabt-1.0.38.tgz",
      "integrity": "sha512-RdeuVjC/nwUmqYGd2S1K8fGmjJR8yTCVve735sdgMbB5ff548n7qxbEwSY92/GFL+lej64d9yNFnHvZBQ05RpQ==",
      "license": "Apache-2.0",
      "bin": {
        "wasm-decompile": "bin/wasm-decompile",
        "wasm-interp": "bin/wasm-interp",
        "wasm-objdump": "bin/wasm-objdump",
        "wasm-stats": "bin/wasm-stats",
        "wasm-strip": "bin/wasm-strip",
        "wasm-validate": "bin/wasm-validate",
        "wasm2c": "bin/wasm2c",
        "wasm2wat": "bin/wasm2wat",
        "wat2wasm": "bin/wat2wasm"
      }
    },
    "node_modules/wat-compiler": {
      "version": "1.1.1",
      "resolved": "https://registry.npmjs.org/wat-compiler/-/wat-compiler-1.1.1.tgz",
      "integrity": "sha512-eLmAz2f7E5POH5a5NJ3bWSMsg3GXsxw8bsAWxEkXIvXZXLOoFBYgTXZLIGt+DApY8wxsRBT4ebBQ7a++FYResg==",
      "license": "Public Domain",
      "dependencies": {
        "wabt": "*"
      }
    }
  },
  "dependencies": {
    "@hazae41/binary": {
      "version": "2.0.2",
      "resolved": "https://registry.npmjs.org/@hazae41/binary/-/binary-2.0.2.tgz",
      "integrity": "sha512-i3YvoVECHiDoZ7n3XEMruIZYoikNEbTCjR/x7mWeg9rWpQMVNHIK+olYDvSBbxdJDSySSV/mRYOZBNfPataqYA==",
      "requires": {
        "@hazae41/cursor": "^2.1.2"
      }
    },
    "@hazae41/cursor": {
      "version": "2.1.3",
      "resolved": "https://registry.npmjs.org/@hazae41/cursor/-/cursor-2.1.3.tgz",
      "integrity": "sha512-y6q7idwrgLMjWbc8imuqQ+dB7E/Qf+kHQ0WdUOONi7bgsbygBhtcDmaDw2S5SQihmASprYR7Waa7nvu3iJqFsw==",
      "requires": {
        "@hazae41/lengthed": "^1.0.1"
      }
    },
    "@hazae41/jsonrpc": {
      "version": "1.1.11",
      "resolved": "https://registry.npmjs.org/@hazae41/jsonrpc/-/jsonrpc-1.1.11.tgz",
      "integrity": "sha512-hIOKQXO87bu9u2H4epWAl5jLSq0sPOkVUcwrC/pZHGOlOBPKe6oykldwuj0Kg4Qu+C3M3Z1eJfQv/Ly/vyx28Q==",
      "requires": {
        "@hazae41/result-and-option": "^2.0.10"
      }
    },
    "@hazae41/lengthed": {
      "version": "1.0.1",
      "resolved": "https://registry.npmjs.org/@hazae41/lengthed/-/lengthed-1.0.1.tgz",
      "integrity": "sha512-5AizA8BmPDCSQ0H2V6DeEcrqTxQvjvgBA3bKH6sPpFjOc+dRRTqe1XTUc4h1WmnpaIg9taF//J/H2VVhZG5Tyw=="
    },
    "@hazae41/mutex": {
      "version": "3.0.1",
      "resolved": "https://registry.npmjs.org/@hazae41/mutex/-/mutex-3.0.1.tgz",
      "integrity": "sha512-HJX26LvYfO/F668m9j6VhVqm6uhED/RrCaH6RLrWXgt1i3O/qqqEndrjqpPquLapHuyuBarbmbyEZtLHxARF7Q=="
    },
    "@hazae41/phobos": {
      "version": "2.0.16",
      "resolved": "https://registry.npmjs.org/@hazae41/phobos/-/phobos-2.0.16.tgz",
      "integrity": "sha512-XP1KGvTY9dNWIz0EG91BdgBXXZXG/AF5f9LP57FbyF1ut3QjDe18+QLhScrA1RmuX/CEYrmp60jD160zZTPZaw==",
      "dev": true
    },
    "@hazae41/result-and-option": {
      "version": "2.0.10",
      "resolved": "https://registry.npmjs.org/@hazae41/result-and-option/-/result-and-option-2.0.10.tgz",
      "integrity": "sha512-Msf15N4OBCSsAxdonghJmbwERQqgc0ZWVPi1yE+oI8maC1FBFacQrym+xNF+lnXXgaTheLAUnx3B8yCA5Z1EWw=="
    },
    "@hazae41/tscousin": {
      "version": "1.0.28",
      "resolved": "https://registry.npmjs.org/@hazae41/tscousin/-/tscousin-1.0.28.tgz",
      "integrity": "sha512-Wrg/66m0hLexrifpzJ5a/D7Jzb7FhLzBWrCFAgjZa+DIU8prA5rX4MwD5K34UZ6jsYBRZsYwNeVEYRqOIJHOEQ==",
      "dev": true
    },
    "@tursodatabase/database": {
      "version": "0.3.0",
      "resolved": "https://registry.npmjs.org/@tursodatabase/database/-/database-0.3.0.tgz",
      "integrity": "sha512-vJ9HlhW2HVKsglvSsTk7ws8BcSaFE2JOhp0zxE7KUd9f4rXL9PZwZP8Gvzvr23Asu7kLbREpmDAVjxPVtux0zA==",
      "requires": {
        "@tursodatabase/database-common": "^0.3.0",
        "@tursodatabase/database-darwin-arm64": "0.3.0",
        "@tursodatabase/database-linux-arm64-gnu": "0.3.0",
        "@tursodatabase/database-linux-x64-gnu": "0.3.0",
        "@tursodatabase/database-win32-x64-msvc": "0.3.0"
      }
    },
    "@tursodatabase/database-common": {
      "version": "0.3.0",
      "resolved": "https://registry.npmjs.org/@tursodatabase/database-common/-/database-common-0.3.0.tgz",
      "integrity": "sha512-hqgBke6rtCB+uDEQMStew6IxgIv+45HISw8c5Hl4lvxZofCmlOHEnED7bmxCaSEmptA2AV0vNMtrTxOlSVXM7Q=="
    },
    "@tursodatabase/database-darwin-arm64": {
      "version": "0.3.0",
      "resolved": "https://registry.npmjs.org/@tursodatabase/database-darwin-arm64/-/database-darwin-arm64-0.3.0.tgz",
      "integrity": "sha512-6upcFBggwCK+bkoRfNPDWo5oQJtbXfnSWL8gdQWgqENVB+kl/ONZ/WyNnZWs9z5C15A/9DJFRa75wWZLOLWeAg==",
      "optional": true
    },
    "@tursodatabase/database-linux-arm64-gnu": {
      "version": "0.3.0",
      "resolved": "https://registry.npmjs.org/@tursodatabase/database-linux-arm64-gnu/-/database-linux-arm64-gnu-0.3.0.tgz",
      "integrity": "sha512-Ap7cSLuKEkHxZtKOhsf//ozozYKhXgIceA/woqyBydVhrfD0DPPqhqmxZWbNnDjwFWpM65Xmgot4kX9ukexQ8Q==",
      "optional": true
    },
    "@tursodatabase/database-linux-x64-gnu": {
      "version": "0.3.0",
      "resolved": "https://registry.npmjs.org/@tursodatabase/database-linux-x64-gnu/-/database-linux-x64-gnu-0.3.0.tgz",
      "integrity": "sha512-7HOdg+xUhJ2C/jA77NHnFhI3/6UjBo3Zpx8AwNWfR0kSIs4uWnO0CNng39VS1xqsTbphofJDVDqyPgE2iNzjlg==",
      "optional": true
    },
    "@tursodatabase/database-win32-x64-msvc": {
      "version": "0.3.0",
      "resolved": "https://registry.npmjs.org/@tursodatabase/database-win32-x64-msvc/-/database-win32-x64-msvc-0.3.0.tgz",
      "integrity": "sha512-yHGbKT522DX+NM/UIIYtBZa52n0ykaeyu0RAVdpkbizwfBfap67z+HsrSk4rl/zncRl3RmCjkbAK86tsMDBCpQ==",
      "optional": true
    },
    "@types/node": {
      "version": "24.9.2",
      "resolved": "https://registry.npmjs.org/@types/node/-/node-24.9.2.tgz",
      "integrity": "sha512-uWN8YqxXxqFMX2RqGOrumsKeti4LlmIMIyV0lgut4jx7KQBcBiW6vkDtIBvHnHIquwNfJhk8v2OtmO8zXWHfPA==",
      "dev": true,
      "requires": {
        "undici-types": "~7.16.0"
      }
    },
    "@webassemblyjs/ast": {
      "version": "1.14.1",
      "resolved": "https://registry.npmjs.org/@webassemblyjs/ast/-/ast-1.14.1.tgz",
      "integrity": "sha512-nuBEDgQfm1ccRp/8bCQrx1frohyufl4JlbMMZ4P1wpeOfDhF6FQkxZJ1b/e+PLwr6X1Nhw6OLme5usuBWYBvuQ==",
      "requires": {
        "@webassemblyjs/helper-numbers": "1.13.2",
        "@webassemblyjs/helper-wasm-bytecode": "1.13.2"
      }
    },
    "@webassemblyjs/floating-point-hex-parser": {
      "version": "1.13.2",
      "resolved": "https://registry.npmjs.org/@webassemblyjs/floating-point-hex-parser/-/floating-point-hex-parser-1.13.2.tgz",
      "integrity": "sha512-6oXyTOzbKxGH4steLbLNOu71Oj+C8Lg34n6CqRvqfS2O71BxY6ByfMDRhBytzknj9yGUPVJ1qIKhRlAwO1AovA=="
    },
    "@webassemblyjs/helper-api-error": {
      "version": "1.13.2",
      "resolved": "https://registry.npmjs.org/@webassemblyjs/helper-api-error/-/helper-api-error-1.13.2.tgz",
      "integrity": "sha512-U56GMYxy4ZQCbDZd6JuvvNV/WFildOjsaWD3Tzzvmw/mas3cXzRJPMjP83JqEsgSbyrmaGjBfDtV7KDXV9UzFQ=="
    },
    "@webassemblyjs/helper-numbers": {
      "version": "1.13.2",
      "resolved": "https://registry.npmjs.org/@webassemblyjs/helper-numbers/-/helper-numbers-1.13.2.tgz",
      "integrity": "sha512-FE8aCmS5Q6eQYcV3gI35O4J789wlQA+7JrqTTpJqn5emA4U2hvwJmvFRC0HODS+3Ye6WioDklgd6scJ3+PLnEA==",
      "requires": {
        "@webassemblyjs/floating-point-hex-parser": "1.13.2",
        "@webassemblyjs/helper-api-error": "1.13.2",
        "@xtuc/long": "4.2.2"
      }
    },
    "@webassemblyjs/helper-wasm-bytecode": {
      "version": "1.13.2",
      "resolved": "https://registry.npmjs.org/@webassemblyjs/helper-wasm-bytecode/-/helper-wasm-bytecode-1.13.2.tgz",
      "integrity": "sha512-3QbLKy93F0EAIXLh0ogEVR6rOubA9AoZ+WRYhNbFyuB70j3dRdwH9g+qXhLAO0kiYGlg3TxDV+I4rQTr/YNXkA=="
    },
    "@webassemblyjs/ieee754": {
      "version": "1.13.2",
      "resolved": "https://registry.npmjs.org/@webassemblyjs/ieee754/-/ieee754-1.13.2.tgz",
      "integrity": "sha512-4LtOzh58S/5lX4ITKxnAK2USuNEvpdVV9AlgGQb8rJDHaLeHciwG4zlGr0j/SNWlr7x3vO1lDEsuePvtcDNCkw==",
      "requires": {
        "@xtuc/ieee754": "^1.2.0"
      }
    },
    "@webassemblyjs/leb128": {
      "version": "1.13.2",
      "resolved": "https://registry.npmjs.org/@webassemblyjs/leb128/-/leb128-1.13.2.tgz",
      "integrity": "sha512-Lde1oNoIdzVzdkNEAWZ1dZ5orIbff80YPdHx20mrHwHrVNNTjNr8E3xz9BdpcGqRQbAEa+fkrCb+fRFTl/6sQw==",
      "requires": {
        "@xtuc/long": "4.2.2"
      }
    },
    "@webassemblyjs/utf8": {
      "version": "1.13.2",
      "resolved": "https://registry.npmjs.org/@webassemblyjs/utf8/-/utf8-1.13.2.tgz",
      "integrity": "sha512-3NQWGjKTASY1xV5m7Hr0iPeXD9+RDobLll3T9d2AO+g3my8xy5peVyjSag4I50mR1bBSN/Ct12lo+R9tJk0NZQ=="
    },
    "@webassemblyjs/wasm-parser": {
      "version": "1.14.1",
      "resolved": "https://registry.npmjs.org/@webassemblyjs/wasm-parser/-/wasm-parser-1.14.1.tgz",
      "integrity": "sha512-JLBl+KZ0R5qB7mCnud/yyX08jWFw5MsoalJ1pQ4EdFlgj9VdXKGuENGsiCIjegI1W7p91rUlcB/LB5yRJKNTcQ==",
      "requires": {
        "@webassemblyjs/ast": "1.14.1",
        "@webassemblyjs/helper-api-error": "1.13.2",
        "@webassemblyjs/helper-wasm-bytecode": "1.13.2",
        "@webassemblyjs/ieee754": "1.13.2",
        "@webassemblyjs/leb128": "1.13.2",
        "@webassemblyjs/utf8": "1.13.2"
      }
    },
    "@xtuc/ieee754": {
      "version": "1.2.0",
      "resolved": "https://registry.npmjs.org/@xtuc/ieee754/-/ieee754-1.2.0.tgz",
      "integrity": "sha512-DX8nKgqcGwsc0eJSqYt5lwP4DH5FlHnmuWWBRy7X0NcaGR0ZtuyeESgMwTYVEtxmsNGY+qit4QYT/MIYTOTPeA=="
    },
    "@xtuc/long": {
      "version": "4.2.2",
      "resolved": "https://registry.npmjs.org/@xtuc/long/-/long-4.2.2.tgz",
      "integrity": "sha512-NuHqBY1PB/D8xU6s/thBgOAiAP7HOYDQ32+BFZILJ8ivkUkAHQnWfn6WhL79Owj1qmUnoN/YPhktdIoucipkAQ=="
    },
    "typescript": {
      "version": "5.9.3",
      "resolved": "https://registry.npmjs.org/typescript/-/typescript-5.9.3.tgz",
      "integrity": "sha512-jl1vZzPDinLr9eUt3J/t7V6FgNEw9QjvBPdysz9KfQDD41fQrC2Y4vKQdiaUpFT4bXlb1RHhLpp8wtm6M5TgSw==",
      "dev": true
    },
    "undici-types": {
      "version": "7.16.0",
      "resolved": "https://registry.npmjs.org/undici-types/-/undici-types-7.16.0.tgz",
      "integrity": "sha512-Zz+aZWSj8LE6zoxD+xrjh4VfkIG8Ya6LvYkZqtUQGJPZjYl53ypCaUwWqo7eI0x66KBGeRo+mlBEkMSeSZ38Nw==",
      "dev": true
    },
    "wabt": {
      "version": "1.0.38",
      "resolved": "https://registry.npmjs.org/wabt/-/wabt-1.0.38.tgz",
      "integrity": "sha512-RdeuVjC/nwUmqYGd2S1K8fGmjJR8yTCVve735sdgMbB5ff548n7qxbEwSY92/GFL+lej64d9yNFnHvZBQ05RpQ=="
    },
    "wat-compiler": {
      "version": "1.1.1",
      "resolved": "https://registry.npmjs.org/wat-compiler/-/wat-compiler-1.1.1.tgz",
      "integrity": "sha512-eLmAz2f7E5POH5a5NJ3bWSMsg3GXsxw8bsAWxEkXIvXZXLOoFBYgTXZLIGt+DApY8wxsRBT4ebBQ7a++FYResg==",
      "requires": {
        "wabt": "*"
      }
    }
  }
}
