{
  "name": "@hazae41/bobine",
  "version": "1.1.11",
  "lockfileVersion": 2,
  "requires": true,
  "packages": {
    "": {
      "name": "@hazae41/bobine",
      "version": "1.1.11",
      "license": "MIT",
      "dependencies": {
        "@hazae41/jsonrpc": "^1.1.11",
        "@tursodatabase/database": "^0.3.0",
        "wassemble": "^0.0.2"
      },
      "devDependencies": {
        "@hazae41/phobos": "^2.0.16",
        "@hazae41/tscousin": "^1.0.28",
        "@types/node": "^24.9.2",
        "typescript": "^5.9.3"
      }
    },
    "node_modules/@hazae41/jsonrpc": {
      "version": "1.1.11",
      "resolved": "https://registry.npmjs.org/@hazae41/jsonrpc/-/jsonrpc-1.1.11.tgz",
      "integrity": "sha512-hIOKQXO87bu9u2H4epWAl5jLSq0sPOkVUcwrC/pZHGOlOBPKe6oykldwuj0Kg4Qu+C3M3Z1eJfQv/Ly/vyx28Q==",
      "license": "MIT",
      "dependencies": {
        "@hazae41/result-and-option": "^2.0.10"
      }
    },
    "node_modules/@hazae41/phobos": {
      "version": "2.0.16",
      "resolved": "https://registry.npmjs.org/@hazae41/phobos/-/phobos-2.0.16.tgz",
      "integrity": "sha512-XP1KGvTY9dNWIz0EG91BdgBXXZXG/AF5f9LP57FbyF1ut3QjDe18+QLhScrA1RmuX/CEYrmp60jD160zZTPZaw==",
      "dev": true
    },
    "node_modules/@hazae41/result-and-option": {
      "version": "2.0.10",
      "resolved": "https://registry.npmjs.org/@hazae41/result-and-option/-/result-and-option-2.0.10.tgz",
      "integrity": "sha512-Msf15N4OBCSsAxdonghJmbwERQqgc0ZWVPi1yE+oI8maC1FBFacQrym+xNF+lnXXgaTheLAUnx3B8yCA5Z1EWw=="
    },
    "node_modules/@hazae41/tscousin": {
      "version": "1.0.28",
      "resolved": "https://registry.npmjs.org/@hazae41/tscousin/-/tscousin-1.0.28.tgz",
      "integrity": "sha512-Wrg/66m0hLexrifpzJ5a/D7Jzb7FhLzBWrCFAgjZa+DIU8prA5rX4MwD5K34UZ6jsYBRZsYwNeVEYRqOIJHOEQ==",
      "dev": true,
      "bin": {
        "tscousin": "out/bin.js"
      }
    },
    "node_modules/@tursodatabase/database": {
      "version": "0.3.0",
      "resolved": "https://registry.npmjs.org/@tursodatabase/database/-/database-0.3.0.tgz",
      "integrity": "sha512-vJ9HlhW2HVKsglvSsTk7ws8BcSaFE2JOhp0zxE7KUd9f4rXL9PZwZP8Gvzvr23Asu7kLbREpmDAVjxPVtux0zA==",
      "license": "MIT",
      "dependencies": {
        "@tursodatabase/database-common": "^0.3.0"
      },
      "optionalDependencies": {
        "@tursodatabase/database-darwin-arm64": "0.3.0",
        "@tursodatabase/database-linux-arm64-gnu": "0.3.0",
        "@tursodatabase/database-linux-x64-gnu": "0.3.0",
        "@tursodatabase/database-win32-x64-msvc": "0.3.0"
      }
    },
    "node_modules/@tursodatabase/database-common": {
      "version": "0.3.0",
      "resolved": "https://registry.npmjs.org/@tursodatabase/database-common/-/database-common-0.3.0.tgz",
      "integrity": "sha512-hqgBke6rtCB+uDEQMStew6IxgIv+45HISw8c5Hl4lvxZofCmlOHEnED7bmxCaSEmptA2AV0vNMtrTxOlSVXM7Q==",
      "license": "MIT"
    },
    "node_modules/@tursodatabase/database-darwin-arm64": {
      "version": "0.3.0",
      "resolved": "https://registry.npmjs.org/@tursodatabase/database-darwin-arm64/-/database-darwin-arm64-0.3.0.tgz",
      "integrity": "sha512-6upcFBggwCK+bkoRfNPDWo5oQJtbXfnSWL8gdQWgqENVB+kl/ONZ/WyNnZWs9z5C15A/9DJFRa75wWZLOLWeAg==",
      "cpu": [
        "arm64"
      ],
      "license": "MIT",
      "optional": true,
      "os": [
        "darwin"
      ]
    },
    "node_modules/@tursodatabase/database-linux-arm64-gnu": {
      "version": "0.3.0",
      "resolved": "https://registry.npmjs.org/@tursodatabase/database-linux-arm64-gnu/-/database-linux-arm64-gnu-0.3.0.tgz",
      "integrity": "sha512-Ap7cSLuKEkHxZtKOhsf//ozozYKhXgIceA/woqyBydVhrfD0DPPqhqmxZWbNnDjwFWpM65Xmgot4kX9ukexQ8Q==",
      "cpu": [
        "arm64"
      ],
      "license": "MIT",
      "optional": true,
      "os": [
        "linux"
      ]
    },
    "node_modules/@tursodatabase/database-linux-x64-gnu": {
      "version": "0.3.0",
      "resolved": "https://registry.npmjs.org/@tursodatabase/database-linux-x64-gnu/-/database-linux-x64-gnu-0.3.0.tgz",
      "integrity": "sha512-7HOdg+xUhJ2C/jA77NHnFhI3/6UjBo3Zpx8AwNWfR0kSIs4uWnO0CNng39VS1xqsTbphofJDVDqyPgE2iNzjlg==",
      "cpu": [
        "x64"
      ],
      "license": "MIT",
      "optional": true,
      "os": [
        "linux"
      ]
    },
    "node_modules/@tursodatabase/database-win32-x64-msvc": {
      "version": "0.3.0",
      "resolved": "https://registry.npmjs.org/@tursodatabase/database-win32-x64-msvc/-/database-win32-x64-msvc-0.3.0.tgz",
      "integrity": "sha512-yHGbKT522DX+NM/UIIYtBZa52n0ykaeyu0RAVdpkbizwfBfap67z+HsrSk4rl/zncRl3RmCjkbAK86tsMDBCpQ==",
      "cpu": [
        "x64"
      ],
      "license": "MIT",
      "optional": true,
      "os": [
        "win32"
      ]
    },
    "node_modules/@types/node": {
      "version": "24.9.2",
      "resolved": "https://registry.npmjs.org/@types/node/-/node-24.9.2.tgz",
      "integrity": "sha512-uWN8YqxXxqFMX2RqGOrumsKeti4LlmIMIyV0lgut4jx7KQBcBiW6vkDtIBvHnHIquwNfJhk8v2OtmO8zXWHfPA==",
      "dev": true,
      "license": "MIT",
      "dependencies": {
        "undici-types": "~7.16.0"
      }
    },
    "node_modules/typescript": {
      "version": "5.9.3",
      "resolved": "https://registry.npmjs.org/typescript/-/typescript-5.9.3.tgz",
      "integrity": "sha512-jl1vZzPDinLr9eUt3J/t7V6FgNEw9QjvBPdysz9KfQDD41fQrC2Y4vKQdiaUpFT4bXlb1RHhLpp8wtm6M5TgSw==",
      "dev": true,
      "license": "Apache-2.0",
      "bin": {
        "tsc": "bin/tsc",
        "tsserver": "bin/tsserver"
      },
      "engines": {
        "node": ">=14.17"
      }
    },
    "node_modules/undici-types": {
      "version": "7.16.0",
      "resolved": "https://registry.npmjs.org/undici-types/-/undici-types-7.16.0.tgz",
      "integrity": "sha512-Zz+aZWSj8LE6zoxD+xrjh4VfkIG8Ya6LvYkZqtUQGJPZjYl53ypCaUwWqo7eI0x66KBGeRo+mlBEkMSeSZ38Nw==",
      "dev": true,
      "license": "MIT"
    },
    "node_modules/wassemble": {
      "version": "0.0.2",
      "resolved": "https://registry.npmjs.org/wassemble/-/wassemble-0.0.2.tgz",
      "integrity": "sha512-ibrnYPDxYofLqyaNNqVwoI0Rv04eXt60EzK+oX3ELp1aVelDAiMln4ctv9HXOJ3XJutdorhi6WiZZG3xADB3kA==",
      "license": "BlueOak-1.0.0"
    }
  },
  "dependencies": {
    "@hazae41/jsonrpc": {
      "version": "1.1.11",
      "resolved": "https://registry.npmjs.org/@hazae41/jsonrpc/-/jsonrpc-1.1.11.tgz",
      "integrity": "sha512-hIOKQXO87bu9u2H4epWAl5jLSq0sPOkVUcwrC/pZHGOlOBPKe6oykldwuj0Kg4Qu+C3M3Z1eJfQv/Ly/vyx28Q==",
      "requires": {
        "@hazae41/result-and-option": "^2.0.10"
      }
    },
    "@hazae41/phobos": {
      "version": "2.0.16",
      "resolved": "https://registry.npmjs.org/@hazae41/phobos/-/phobos-2.0.16.tgz",
      "integrity": "sha512-XP1KGvTY9dNWIz0EG91BdgBXXZXG/AF5f9LP57FbyF1ut3QjDe18+QLhScrA1RmuX/CEYrmp60jD160zZTPZaw==",
      "dev": true
    },
    "@hazae41/result-and-option": {
      "version": "2.0.10",
      "resolved": "https://registry.npmjs.org/@hazae41/result-and-option/-/result-and-option-2.0.10.tgz",
      "integrity": "sha512-Msf15N4OBCSsAxdonghJmbwERQqgc0ZWVPi1yE+oI8maC1FBFacQrym+xNF+lnXXgaTheLAUnx3B8yCA5Z1EWw=="
    },
    "@hazae41/tscousin": {
      "version": "1.0.28",
      "resolved": "https://registry.npmjs.org/@hazae41/tscousin/-/tscousin-1.0.28.tgz",
      "integrity": "sha512-Wrg/66m0hLexrifpzJ5a/D7Jzb7FhLzBWrCFAgjZa+DIU8prA5rX4MwD5K34UZ6jsYBRZsYwNeVEYRqOIJHOEQ==",
      "dev": true
    },
    "@tursodatabase/database": {
      "version": "0.3.0",
      "resolved": "https://registry.npmjs.org/@tursodatabase/database/-/database-0.3.0.tgz",
      "integrity": "sha512-vJ9HlhW2HVKsglvSsTk7ws8BcSaFE2JOhp0zxE7KUd9f4rXL9PZwZP8Gvzvr23Asu7kLbREpmDAVjxPVtux0zA==",
      "requires": {
        "@tursodatabase/database-common": "^0.3.0",
        "@tursodatabase/database-darwin-arm64": "0.3.0",
        "@tursodatabase/database-linux-arm64-gnu": "0.3.0",
        "@tursodatabase/database-linux-x64-gnu": "0.3.0",
        "@tursodatabase/database-win32-x64-msvc": "0.3.0"
      }
    },
    "@tursodatabase/database-common": {
      "version": "0.3.0",
      "resolved": "https://registry.npmjs.org/@tursodatabase/database-common/-/database-common-0.3.0.tgz",
      "integrity": "sha512-hqgBke6rtCB+uDEQMStew6IxgIv+45HISw8c5Hl4lvxZofCmlOHEnED7bmxCaSEmptA2AV0vNMtrTxOlSVXM7Q=="
    },
    "@tursodatabase/database-darwin-arm64": {
      "version": "0.3.0",
      "resolved": "https://registry.npmjs.org/@tursodatabase/database-darwin-arm64/-/database-darwin-arm64-0.3.0.tgz",
      "integrity": "sha512-6upcFBggwCK+bkoRfNPDWo5oQJtbXfnSWL8gdQWgqENVB+kl/ONZ/WyNnZWs9z5C15A/9DJFRa75wWZLOLWeAg==",
      "optional": true
    },
    "@tursodatabase/database-linux-arm64-gnu": {
      "version": "0.3.0",
      "resolved": "https://registry.npmjs.org/@tursodatabase/database-linux-arm64-gnu/-/database-linux-arm64-gnu-0.3.0.tgz",
      "integrity": "sha512-Ap7cSLuKEkHxZtKOhsf//ozozYKhXgIceA/woqyBydVhrfD0DPPqhqmxZWbNnDjwFWpM65Xmgot4kX9ukexQ8Q==",
      "optional": true
    },
    "@tursodatabase/database-linux-x64-gnu": {
      "version": "0.3.0",
      "resolved": "https://registry.npmjs.org/@tursodatabase/database-linux-x64-gnu/-/database-linux-x64-gnu-0.3.0.tgz",
      "integrity": "sha512-7HOdg+xUhJ2C/jA77NHnFhI3/6UjBo3Zpx8AwNWfR0kSIs4uWnO0CNng39VS1xqsTbphofJDVDqyPgE2iNzjlg==",
      "optional": true
    },
    "@tursodatabase/database-win32-x64-msvc": {
      "version": "0.3.0",
      "resolved": "https://registry.npmjs.org/@tursodatabase/database-win32-x64-msvc/-/database-win32-x64-msvc-0.3.0.tgz",
      "integrity": "sha512-yHGbKT522DX+NM/UIIYtBZa52n0ykaeyu0RAVdpkbizwfBfap67z+HsrSk4rl/zncRl3RmCjkbAK86tsMDBCpQ==",
      "optional": true
    },
    "@types/node": {
      "version": "24.9.2",
      "resolved": "https://registry.npmjs.org/@types/node/-/node-24.9.2.tgz",
      "integrity": "sha512-uWN8YqxXxqFMX2RqGOrumsKeti4LlmIMIyV0lgut4jx7KQBcBiW6vkDtIBvHnHIquwNfJhk8v2OtmO8zXWHfPA==",
      "dev": true,
      "requires": {
        "undici-types": "~7.16.0"
      }
    },
    "typescript": {
      "version": "5.9.3",
      "resolved": "https://registry.npmjs.org/typescript/-/typescript-5.9.3.tgz",
      "integrity": "sha512-jl1vZzPDinLr9eUt3J/t7V6FgNEw9QjvBPdysz9KfQDD41fQrC2Y4vKQdiaUpFT4bXlb1RHhLpp8wtm6M5TgSw==",
      "dev": true
    },
    "undici-types": {
      "version": "7.16.0",
      "resolved": "https://registry.npmjs.org/undici-types/-/undici-types-7.16.0.tgz",
      "integrity": "sha512-Zz+aZWSj8LE6zoxD+xrjh4VfkIG8Ya6LvYkZqtUQGJPZjYl53ypCaUwWqo7eI0x66KBGeRo+mlBEkMSeSZ38Nw==",
      "dev": true
    },
    "wassemble": {
      "version": "0.0.2",
      "resolved": "https://registry.npmjs.org/wassemble/-/wassemble-0.0.2.tgz",
      "integrity": "sha512-ibrnYPDxYofLqyaNNqVwoI0Rv04eXt60EzK+oX3ELp1aVelDAiMln4ctv9HXOJ3XJutdorhi6WiZZG3xADB3kA=="
    }
  }
}
