{
  "version": "5",
  "specifiers": {
    "jsr:@hazae41/disposable-stack-polyfill@^2.0.5": "2.0.5",
    "jsr:@hazae41/glace@^1.0.24": "1.0.24",
    "jsr:@hazae41/immutable@^2.0.19": "2.0.19",
    "jsr:@hazae41/jsonrpc@^1.1.11": "1.1.11",
    "jsr:@hazae41/mutex@^3.0.1": "3.0.1",
    "jsr:@hazae41/result-and-option@^2.0.10": "2.0.10",
    "jsr:@hazae41/result-and-option@^2.0.8": "2.0.10",
    "jsr:@hazae41/rewind@^2.3.12": "2.3.12",
    "jsr:@hazae41/symbol-dispose-polyfill@^1.1.1": "1.1.2",
    "npm:@hazae41/disposable-stack-polyfill@^2.0.5": "2.0.5",
    "npm:@hazae41/immutable@^2.0.19": "2.0.19",
    "npm:@hazae41/jsonrpc@^1.1.11": "1.1.11",
    "npm:@hazae41/labase@^1.0.16": "1.0.16",
    "npm:@hazae41/rewind@^2.3.12": "2.3.12",
    "npm:@hazae41/symbol-dispose-polyfill@^1.1.1": "1.1.2",
    "npm:@heroicons/react@^2.2.0": "2.2.0_react@19.2.1",
    "npm:@types/node@*": "24.2.0",
    "npm:@types/react-dom@^19.2.3": "19.2.3_@types+react@19.2.7",
    "npm:@types/react@^19.2.7": "19.2.7",
    "npm:assemblyscript@~0.28.9": "0.28.9",
    "npm:esbuild@~0.25.11": "0.25.12",
    "npm:happy-dom@^20.0.7": "20.0.11",
    "npm:highlight.js@^11.11.1": "11.11.1",
    "npm:react-dom@^19.2.1": "19.2.1_react@19.2.1",
    "npm:react@^19.2.1": "19.2.1",
    "npm:tailwindcss@^4.1.14": "4.1.17",
    "npm:tslib@^2.8.1": "2.8.1"
  },
  "jsr": {
    "@hazae41/disposable-stack-polyfill@2.0.5": {
      "integrity": "72cb469e366014c44943943dc6f1e9a8837a004e96b0b7b04d994678751c9441",
      "dependencies": [
        "npm:tslib"
      ]
    },
    "@hazae41/glace@1.0.24": {
      "integrity": "6ed60ea57fef10842ad7d2d4f8d2b1817d6c92bb1cbd4ad772c787fbb5f5cab8",
      "dependencies": [
        "jsr:@hazae41/mutex",
        "npm:esbuild",
        "npm:happy-dom"
      ]
    },
    "@hazae41/immutable@2.0.19": {
      "integrity": "cc05b1e5459b42a5bd285c6f48ed4ca2f81914e94d67780caf3e86a415c00052",
      "dependencies": [
        "jsr:@hazae41/result-and-option@^2.0.8"
      ]
    },
    "@hazae41/jsonrpc@1.1.11": {
      "integrity": "701b1664fa6095708dd5bd896f4f6e694b39fa45538518ab65b87aa1d98f1734",
      "dependencies": [
        "jsr:@hazae41/result-and-option@^2.0.10"
      ]
    },
    "@hazae41/mutex@3.0.1": {
      "integrity": "2bc69f28589bbbee7ba496227948beaea8d9ac4c3157d2392eaa4064a94b7bbe"
    },
    "@hazae41/result-and-option@2.0.10": {
      "integrity": "4a5046c435aad139014959315dd92fe7cf9bcc14fa975361c66b8d8303e4d583"
    },
    "@hazae41/rewind@2.3.12": {
      "integrity": "906070dbaca34ccd5c95203d2885528501e1469a41835f68e06b2131d3b85d1a",
      "dependencies": [
        "npm:tailwindcss"
      ]
    },
    "@hazae41/symbol-dispose-polyfill@1.1.2": {
      "integrity": "b22b5cceccebf52877373a23b2aa8bfff8fe97f2b1511dfe1477fba147be8da6"
    }
  },
  "npm": {
    "@esbuild/aix-ppc64@0.25.12": {
      "integrity": "sha512-Hhmwd6CInZ3dwpuGTF8fJG6yoWmsToE+vYgD4nytZVxcu1ulHpUQRAB1UJ8+N1Am3Mz4+xOByoQoSZf4D+CpkA==",
      "os": ["aix"],
      "cpu": ["ppc64"]
    },
    "@esbuild/android-arm64@0.25.12": {
      "integrity": "sha512-6AAmLG7zwD1Z159jCKPvAxZd4y/VTO0VkprYy+3N2FtJ8+BQWFXU+OxARIwA46c5tdD9SsKGZ/1ocqBS/gAKHg==",
      "os": ["android"],
      "cpu": ["arm64"]
    },
    "@esbuild/android-arm@0.25.12": {
      "integrity": "sha512-VJ+sKvNA/GE7Ccacc9Cha7bpS8nyzVv0jdVgwNDaR4gDMC/2TTRc33Ip8qrNYUcpkOHUT5OZ0bUcNNVZQ9RLlg==",
      "os": ["android"],
      "cpu": ["arm"]
    },
    "@esbuild/android-x64@0.25.12": {
      "integrity": "sha512-5jbb+2hhDHx5phYR2By8GTWEzn6I9UqR11Kwf22iKbNpYrsmRB18aX/9ivc5cabcUiAT/wM+YIZ6SG9QO6a8kg==",
      "os": ["android"],
      "cpu": ["x64"]
    },
    "@esbuild/darwin-arm64@0.25.12": {
      "integrity": "sha512-N3zl+lxHCifgIlcMUP5016ESkeQjLj/959RxxNYIthIg+CQHInujFuXeWbWMgnTo4cp5XVHqFPmpyu9J65C1Yg==",
      "os": ["darwin"],
      "cpu": ["arm64"]
    },
    "@esbuild/darwin-x64@0.25.12": {
      "integrity": "sha512-HQ9ka4Kx21qHXwtlTUVbKJOAnmG1ipXhdWTmNXiPzPfWKpXqASVcWdnf2bnL73wgjNrFXAa3yYvBSd9pzfEIpA==",
      "os": ["darwin"],
      "cpu": ["x64"]
    },
    "@esbuild/freebsd-arm64@0.25.12": {
      "integrity": "sha512-gA0Bx759+7Jve03K1S0vkOu5Lg/85dou3EseOGUes8flVOGxbhDDh/iZaoek11Y8mtyKPGF3vP8XhnkDEAmzeg==",
      "os": ["freebsd"],
      "cpu": ["arm64"]
    },
    "@esbuild/freebsd-x64@0.25.12": {
      "integrity": "sha512-TGbO26Yw2xsHzxtbVFGEXBFH0FRAP7gtcPE7P5yP7wGy7cXK2oO7RyOhL5NLiqTlBh47XhmIUXuGciXEqYFfBQ==",
      "os": ["freebsd"],
      "cpu": ["x64"]
    },
    "@esbuild/linux-arm64@0.25.12": {
      "integrity": "sha512-8bwX7a8FghIgrupcxb4aUmYDLp8pX06rGh5HqDT7bB+8Rdells6mHvrFHHW2JAOPZUbnjUpKTLg6ECyzvas2AQ==",
      "os": ["linux"],
      "cpu": ["arm64"]
    },
    "@esbuild/linux-arm@0.25.12": {
      "integrity": "sha512-lPDGyC1JPDou8kGcywY0YILzWlhhnRjdof3UlcoqYmS9El818LLfJJc3PXXgZHrHCAKs/Z2SeZtDJr5MrkxtOw==",
      "os": ["linux"],
      "cpu": ["arm"]
    },
    "@esbuild/linux-ia32@0.25.12": {
      "integrity": "sha512-0y9KrdVnbMM2/vG8KfU0byhUN+EFCny9+8g202gYqSSVMonbsCfLjUO+rCci7pM0WBEtz+oK/PIwHkzxkyharA==",
      "os": ["linux"],
      "cpu": ["ia32"]
    },
    "@esbuild/linux-loong64@0.25.12": {
      "integrity": "sha512-h///Lr5a9rib/v1GGqXVGzjL4TMvVTv+s1DPoxQdz7l/AYv6LDSxdIwzxkrPW438oUXiDtwM10o9PmwS/6Z0Ng==",
      "os": ["linux"],
      "cpu": ["loong64"]
    },
    "@esbuild/linux-mips64el@0.25.12": {
      "integrity": "sha512-iyRrM1Pzy9GFMDLsXn1iHUm18nhKnNMWscjmp4+hpafcZjrr2WbT//d20xaGljXDBYHqRcl8HnxbX6uaA/eGVw==",
      "os": ["linux"],
      "cpu": ["mips64el"]
    },
    "@esbuild/linux-ppc64@0.25.12": {
      "integrity": "sha512-9meM/lRXxMi5PSUqEXRCtVjEZBGwB7P/D4yT8UG/mwIdze2aV4Vo6U5gD3+RsoHXKkHCfSxZKzmDssVlRj1QQA==",
      "os": ["linux"],
      "cpu": ["ppc64"]
    },
    "@esbuild/linux-riscv64@0.25.12": {
      "integrity": "sha512-Zr7KR4hgKUpWAwb1f3o5ygT04MzqVrGEGXGLnj15YQDJErYu/BGg+wmFlIDOdJp0PmB0lLvxFIOXZgFRrdjR0w==",
      "os": ["linux"],
      "cpu": ["riscv64"]
    },
    "@esbuild/linux-s390x@0.25.12": {
      "integrity": "sha512-MsKncOcgTNvdtiISc/jZs/Zf8d0cl/t3gYWX8J9ubBnVOwlk65UIEEvgBORTiljloIWnBzLs4qhzPkJcitIzIg==",
      "os": ["linux"],
      "cpu": ["s390x"]
    },
    "@esbuild/linux-x64@0.25.12": {
      "integrity": "sha512-uqZMTLr/zR/ed4jIGnwSLkaHmPjOjJvnm6TVVitAa08SLS9Z0VM8wIRx7gWbJB5/J54YuIMInDquWyYvQLZkgw==",
      "os": ["linux"],
      "cpu": ["x64"]
    },
    "@esbuild/netbsd-arm64@0.25.12": {
      "integrity": "sha512-xXwcTq4GhRM7J9A8Gv5boanHhRa/Q9KLVmcyXHCTaM4wKfIpWkdXiMog/KsnxzJ0A1+nD+zoecuzqPmCRyBGjg==",
      "os": ["netbsd"],
      "cpu": ["arm64"]
    },
    "@esbuild/netbsd-x64@0.25.12": {
      "integrity": "sha512-Ld5pTlzPy3YwGec4OuHh1aCVCRvOXdH8DgRjfDy/oumVovmuSzWfnSJg+VtakB9Cm0gxNO9BzWkj6mtO1FMXkQ==",
      "os": ["netbsd"],
      "cpu": ["x64"]
    },
    "@esbuild/openbsd-arm64@0.25.12": {
      "integrity": "sha512-fF96T6KsBo/pkQI950FARU9apGNTSlZGsv1jZBAlcLL1MLjLNIWPBkj5NlSz8aAzYKg+eNqknrUJ24QBybeR5A==",
      "os": ["openbsd"],
      "cpu": ["arm64"]
    },
    "@esbuild/openbsd-x64@0.25.12": {
      "integrity": "sha512-MZyXUkZHjQxUvzK7rN8DJ3SRmrVrke8ZyRusHlP+kuwqTcfWLyqMOE3sScPPyeIXN/mDJIfGXvcMqCgYKekoQw==",
      "os": ["openbsd"],
      "cpu": ["x64"]
    },
    "@esbuild/openharmony-arm64@0.25.12": {
      "integrity": "sha512-rm0YWsqUSRrjncSXGA7Zv78Nbnw4XL6/dzr20cyrQf7ZmRcsovpcRBdhD43Nuk3y7XIoW2OxMVvwuRvk9XdASg==",
      "os": ["openharmony"],
      "cpu": ["arm64"]
    },
    "@esbuild/sunos-x64@0.25.12": {
      "integrity": "sha512-3wGSCDyuTHQUzt0nV7bocDy72r2lI33QL3gkDNGkod22EsYl04sMf0qLb8luNKTOmgF/eDEDP5BFNwoBKH441w==",
      "os": ["sunos"],
      "cpu": ["x64"]
    },
    "@esbuild/win32-arm64@0.25.12": {
      "integrity": "sha512-rMmLrur64A7+DKlnSuwqUdRKyd3UE7oPJZmnljqEptesKM8wx9J8gx5u0+9Pq0fQQW8vqeKebwNXdfOyP+8Bsg==",
      "os": ["win32"],
      "cpu": ["arm64"]
    },
    "@esbuild/win32-ia32@0.25.12": {
      "integrity": "sha512-HkqnmmBoCbCwxUKKNPBixiWDGCpQGVsrQfJoVGYLPT41XWF8lHuE5N6WhVia2n4o5QK5M4tYr21827fNhi4byQ==",
      "os": ["win32"],
      "cpu": ["ia32"]
    },
    "@esbuild/win32-x64@0.25.12": {
      "integrity": "sha512-alJC0uCZpTFrSL0CCDjcgleBXPnCrEAhTBILpeAp7M/OFgoqtAetfBzX0xM00MUsVVPpVjlPuMbREqnZCXaTnA==",
      "os": ["win32"],
      "cpu": ["x64"]
    },
    "@hazae41/disposable-stack-polyfill@2.0.5": {
      "integrity": "sha512-GxwehabNLPbWmMAe+s1kHdf0CCVS1MSl3bp3q6P/t4/aqqNjraXyiJKE2q0LUAJMVsmxLVVUtAnayWPpwJt3IQ==",
      "dependencies": [
        "tslib"
      ]
    },
    "@hazae41/glace@1.0.24": {
      "integrity": "sha512-vKBPHTC8kMLC41/nuDMGHRHoAwvUb310de8arIAKTKAFJrbAtkET5dOmsN/6CSCFhqSiwkj2VOHg147dZNdf5w==",
      "dependencies": [
        "@hazae41/mutex",
        "esbuild",
        "happy-dom"
      ],
      "bin": true
    },
    "@hazae41/immutable@2.0.19": {
      "integrity": "sha512-iLkj43n7LStd0KNkZpEy1GWvTKdHTCzMvpFsv3yM/+lvgTwfYxyuxIjzsuXpIY08Z9yXMp3i3octfDSBLhQTvw==",
      "dependencies": [
        "@hazae41/result-and-option"
      ]
    },
    "@hazae41/jsonrpc@1.1.11": {
      "integrity": "sha512-hIOKQXO87bu9u2H4epWAl5jLSq0sPOkVUcwrC/pZHGOlOBPKe6oykldwuj0Kg4Qu+C3M3Z1eJfQv/Ly/vyx28Q==",
      "dependencies": [
        "@hazae41/result-and-option"
      ]
    },
    "@hazae41/labase@1.0.16": {
      "integrity": "sha512-28eaJ52x83de3cnElAX9TeLueFpJkAL1yptkGLGJk+iAqJ+NkhMgYAPb6DLI3+U7tmAg4+AtVzh35Cld7rXVyg==",
      "dependencies": [
        "tailwindcss@4.1.17"
      ]
    },
    "@hazae41/mutex@3.0.1": {
      "integrity": "sha512-HJX26LvYfO/F668m9j6VhVqm6uhED/RrCaH6RLrWXgt1i3O/qqqEndrjqpPquLapHuyuBarbmbyEZtLHxARF7Q=="
    },
    "@hazae41/result-and-option@2.0.10": {
      "integrity": "sha512-Msf15N4OBCSsAxdonghJmbwERQqgc0ZWVPi1yE+oI8maC1FBFacQrym+xNF+lnXXgaTheLAUnx3B8yCA5Z1EWw=="
    },
    "@hazae41/rewind@2.3.12": {
      "integrity": "sha512-MIdp4RPgX6PYIcyT77YAfLOAhS09v01cHQTnhDbxJkqM0jo6cb8TmxeLa1w/8zTEki+QVjlM79OdYI3x21Z8bA==",
      "dependencies": [
        "tailwindcss@4.1.14"
      ]
    },
    "@hazae41/symbol-dispose-polyfill@1.1.2": {
      "integrity": "sha512-FHbbm029hXU3Au4XDnZRQ5ofTi2dbyKPX/czcCO92r7QrYKz0ITOjQg0uKhV+nkauxxp0rr3Jcf7lG2R9ykhlQ=="
    },
    "@heroicons/react@2.2.0_react@19.2.1": {
      "integrity": "sha512-LMcepvRaS9LYHJGsF0zzmgKCUim/X3N/DQKc4jepAXJ7l8QxJ1PmxJzqplF2Z3FE4PqBAIGyJAQ/w4B5dsqbtQ==",
      "dependencies": [
        "react"
      ]
    },
    "@types/node@20.19.26": {
      "integrity": "sha512-0l6cjgF0XnihUpndDhk+nyD3exio3iKaYROSgvh/qSevPXax3L8p5DBRFjbvalnwatGgHEQn2R88y2fA3g4irg==",
      "dependencies": [
        "undici-types@6.21.0"
      ]
    },
    "@types/node@24.2.0": {
      "integrity": "sha512-3xyG3pMCq3oYCNg7/ZP+E1ooTaGB4cG8JWRsqqOYQdbWNY4zbaV0Ennrd7stjiJEFZCaybcIgpTjJWHRfBSIDw==",
      "dependencies": [
        "undici-types@7.10.0"
      ]
    },
    "@types/react-dom@19.2.3_@types+react@19.2.7": {
      "integrity": "sha512-jp2L/eY6fn+KgVVQAOqYItbF0VY/YApe5Mz2F0aykSO8gx31bYCZyvSeYxCHKvzHG5eZjc+zyaS5BrBWya2+kQ==",
      "dependencies": [
        "@types/react"
      ]
    },
    "@types/react@19.2.7": {
      "integrity": "sha512-MWtvHrGZLFttgeEj28VXHxpmwYbor/ATPYbBfSFZEIRK0ecCFLl2Qo55z52Hss+UV9CRN7trSeq1zbgx7YDWWg==",
      "dependencies": [
        "csstype"
      ]
    },
    "@types/whatwg-mimetype@3.0.2": {
      "integrity": "sha512-c2AKvDT8ToxLIOUlN51gTiHXflsfIFisS4pO7pDPoKouJCESkhZnEy623gwP9laCy5lnLDAw1vAzu2vM2YLOrA=="
    },
    "assemblyscript@0.28.9": {
      "integrity": "sha512-UQqIYSUuJzqQP6fKTs1CtanyxmnDk7K+Kmj/J67agimxDqxjdMnTF/y9rEHUBL+K/VIEV4QYu57RMrL5LwbAvw==",
      "dependencies": [
        "binaryen",
        "long"
      ],
      "bin": true
    },
    "binaryen@123.0.0-nightly.20250530": {
      "integrity": "sha512-d1zPHBN5YlOd3Ff+OUxvVExuFeh8heSnqe+X3bjItFxGLvn4VGBKmrvv7pgy/cRhrIUGuPW138iaWfDhwjyDqg==",
      "bin": true
    },
    "csstype@3.2.3": {
      "integrity": "sha512-z1HGKcYy2xA8AGQfwrn0PAy+PB7X/GSj3UVJW9qKyn43xWa+gl5nXmU4qqLMRzWVLFC8KusUX8T/0kCiOYpAIQ=="
    },
    "esbuild@0.25.12": {
      "integrity": "sha512-bbPBYYrtZbkt6Os6FiTLCTFxvq4tt3JKall1vRwshA3fdVztsLAatFaZobhkBC8/BrPetoa0oksYoKXoG4ryJg==",
      "optionalDependencies": [
        "@esbuild/aix-ppc64",
        "@esbuild/android-arm",
        "@esbuild/android-arm64",
        "@esbuild/android-x64",
        "@esbuild/darwin-arm64",
        "@esbuild/darwin-x64",
        "@esbuild/freebsd-arm64",
        "@esbuild/freebsd-x64",
        "@esbuild/linux-arm",
        "@esbuild/linux-arm64",
        "@esbuild/linux-ia32",
        "@esbuild/linux-loong64",
        "@esbuild/linux-mips64el",
        "@esbuild/linux-ppc64",
        "@esbuild/linux-riscv64",
        "@esbuild/linux-s390x",
        "@esbuild/linux-x64",
        "@esbuild/netbsd-arm64",
        "@esbuild/netbsd-x64",
        "@esbuild/openbsd-arm64",
        "@esbuild/openbsd-x64",
        "@esbuild/openharmony-arm64",
        "@esbuild/sunos-x64",
        "@esbuild/win32-arm64",
        "@esbuild/win32-ia32",
        "@esbuild/win32-x64"
      ],
      "scripts": true,
      "bin": true
    },
    "happy-dom@20.0.11": {
      "integrity": "sha512-QsCdAUHAmiDeKeaNojb1OHOPF7NjcWPBR7obdu3NwH2a/oyQaLg5d0aaCy/9My6CdPChYF07dvz5chaXBGaD4g==",
      "dependencies": [
        "@types/node@20.19.26",
        "@types/whatwg-mimetype",
        "whatwg-mimetype"
      ]
    },
    "highlight.js@11.11.1": {
      "integrity": "sha512-Xwwo44whKBVCYoliBQwaPvtd/2tYFkRQtXDWj1nackaV2JPXx3L0+Jvd8/qCJ2p+ML0/XVkJ2q+Mr+UVdpJK5w=="
    },
    "long@5.3.2": {
      "integrity": "sha512-mNAgZ1GmyNhD7AuqnTG3/VQ26o760+ZYBPKjPvugO8+nLbYfX6TVpJPseBvopbdY+qpZ/lKUnmEc1LeZYS3QAA=="
    },
    "react-dom@19.2.1_react@19.2.1": {
      "integrity": "sha512-ibrK8llX2a4eOskq1mXKu/TGZj9qzomO+sNfO98M6d9zIPOEhlBkMkBUBLd1vgS0gQsLDBzA+8jJBVXDnfHmJg==",
      "dependencies": [
        "react",
        "scheduler"
      ]
    },
    "react@19.2.1": {
      "integrity": "sha512-DGrYcCWK7tvYMnWh79yrPHt+vdx9tY+1gPZa7nJQtO/p8bLTDaHp4dzwEhQB7pZ4Xe3ok4XKuEPrVuc+wlpkmw=="
    },
    "scheduler@0.27.0": {
      "integrity": "sha512-eNv+WrVbKu1f3vbYJT/xtiF5syA5HPIMtf9IgY/nKg0sWqzAUEvqY/xm7OcZc/qafLx/iO9FgOmeSAp4v5ti/Q=="
    },
    "tailwindcss@4.1.14": {
      "integrity": "sha512-b7pCxjGO98LnxVkKjaZSDeNuljC4ueKUddjENJOADtubtdo8llTaJy7HwBMeLNSSo2N5QIAgklslK1+Ir8r6CA=="
    },
    "tailwindcss@4.1.17": {
      "integrity": "sha512-j9Ee2YjuQqYT9bbRTfTZht9W/ytp5H+jJpZKiYdP/bpnXARAuELt9ofP0lPnmHjbga7SNQIxdTAXCmtKVYjN+Q=="
    },
    "tslib@2.8.1": {
      "integrity": "sha512-oJFu94HQb+KVduSUQL7wnpmqnfmLsOA/nAh6b6EH0wCEoK0/mPeXU6c3wKDV83MkOuHPRHtSXKKU99IBazS/2w=="
    },
    "undici-types@6.21.0": {
      "integrity": "sha512-iwDZqg0QAGrg9Rav5H4n0M64c3mkR59cJ6wQp+7C4nI0gsmExaedaYLNO44eT4AtBBwjbTiGPMlt2Md0T9H9JQ=="
    },
    "undici-types@7.10.0": {
      "integrity": "sha512-t5Fy/nfn+14LuOc2KNYg75vZqClpAiqscVvMygNnlsHBFpSXdJaYtXMcdNLpl/Qvc3P2cB3s6lOV51nqsFq4ag=="
    },
    "whatwg-mimetype@3.0.0": {
      "integrity": "sha512-nt+N2dzIutVRxARx1nghPKGv1xHikU7HKdfafKkLNLindmPU/ch3U31NOCGGA/dmPcmb1VlofO0vnKAcsm0o/Q=="
    }
  },
  "workspace": {
    "dependencies": [
      "jsr:@hazae41/disposable-stack-polyfill@^2.0.5",
      "jsr:@hazae41/glace@^1.0.24",
      "jsr:@hazae41/immutable@^2.0.19",
      "jsr:@hazae41/jsonrpc@^1.1.11",
      "jsr:@hazae41/labase@^1.0.16",
      "jsr:@hazae41/rewind@^2.3.12",
      "jsr:@hazae41/symbol-dispose-polyfill@^1.1.1"
    ],
    "packageJson": {
      "dependencies": [
        "npm:@hazae41/disposable-stack-polyfill@^2.0.5",
        "npm:@hazae41/glace@^1.0.25",
        "npm:@hazae41/immutable@^2.0.19",
        "npm:@hazae41/jsonrpc@^1.1.11",
        "npm:@hazae41/labase@^1.0.16",
        "npm:@hazae41/rewind@^2.3.12",
        "npm:@hazae41/symbol-dispose-polyfill@^1.1.1",
        "npm:@heroicons/react@^2.2.0",
        "npm:@types/react-dom@^19.2.3",
        "npm:@types/react@^19.2.7",
        "npm:assemblyscript@~0.28.9",
        "npm:highlight.js@^11.11.1",
        "npm:react-dom@^19.2.1",
        "npm:react@^19.2.1"
      ]
    }
  }
}
